<?xml version="1.0" encoding="UTF-8" standalone="yes" ?>
<CodeBlocks_project_file>
	<FileVersion major="1" minor="6" />
	<Project>
		<Option title="SDL2Testground" />
		<Option pch_mode="2" />
		<Option compiler="gcc" />
		<Build>
			<Target title="Debug">
				<Option output="bin/Debug/SDL2Testground" prefix_auto="1" extension_auto="1" />
				<Option object_output="obj/Debug/" />
				<Option type="1" />
				<Option compiler="gcc" />
				<Compiler>
					<Add option="-g" />
					<Add directory="C:/mingw_dev_lib/include/SDL2" />
				</Compiler>
				<Linker>
					<Add option="-lmingw32 -lSDL2main -lSDL2 -lSDL_image" />
					<Add directory="C:/mingw_dev_lib/lib" />
				</Linker>
			</Target>
			<Target title="Release">
				<Option output="bin/Release/SDL2Testground" prefix_auto="1" extension_auto="1" />
				<Option object_output="obj/Release/" />
				<Option type="1" />
				<Option compiler="gcc" />
				<Compiler>
					<Add option="-O2" />
				</Compiler>
				<Linker>
					<Add option="-s" />
				</Linker>
			</Target>
		</Build>
		<Compiler>
			<Add option="-Wall" />
			<Add option="-fexceptions" />
		</Compiler>
		<Unit filename="Enemigo.cpp" />
		<Unit filename="Enemigo.h" />
		<Unit filename="Entidad.cpp" />
		<Unit filename="Entidad.h" />
		<Unit filename="Jugador.cpp" />
		<Unit filename="Jugador.h" />
		<Unit filename="Personaje.cpp" />
		<Unit filename="Personaje.h" />
		<Unit filename="Proyectil.cpp" />
		<Unit filename="Proyectil.h" />
		<Unit filename="Vida.cpp" />
		<Unit filename="Vida.h" />
		<Unit filename="main.cpp" />
		<Extensions>
			<code_completion />
			<debugger />
			<envvars />
		</Extensions>
	</Project>
</CodeBlocks_project_file>
